
Microsoft Visual Studio Solution File, Format Version 12.00
# Visual Studio Version 16
VisualStudioVersion = 16.0.29519.181
MinimumVisualStudioVersion = 10.0.40219.1
Project("{9A19103F-16F7-4668-BE54-9A1E7A4F7556}") = "Kosson.KORM", "Kosson.KORM\Kosson.KORM.csproj", "{69E99C9C-978E-439B-95F6-3CD6B5C2B9C0}"
EndProject
Project("{9A19103F-16F7-4668-BE54-9A1E7A4F7556}") = "Kosson.KORM.MSSQL", "Kosson.KORM.MSSQL\Kosson.KORM.MSSQL.csproj", "{B6CFE60E-A873-4E67-860E-D7E2383DD0FB}"
EndProject
Project("{9A19103F-16F7-4668-BE54-9A1E7A4F7556}") = "Kosson.KORM.Scratch", "Kosson.KORM.Scratch\Kosson.KORM.Scratch.csproj", "{2FE8CB3E-46CB-4CDC-A014-F2D69EFAB9EE}"
EndProject
Project("{9A19103F-16F7-4668-BE54-9A1E7A4F7556}") = "Kosson.KORM.Tests", "Kosson.KORM.Tests\Kosson.KORM.Tests.csproj", "{6B369EC0-DFED-4D9A-902C-8BEAA8DA8846}"
EndProject
Global
	GlobalSection(SolutionConfigurationPlatforms) = preSolution
		Debug|Any CPU = Debug|Any CPU
		Release|Any CPU = Release|Any CPU
	EndGlobalSection
	GlobalSection(ProjectConfigurationPlatforms) = postSolution
		{69E99C9C-978E-439B-95F6-3CD6B5C2B9C0}.Debug|Any CPU.ActiveCfg = Debug|Any CPU
		{69E99C9C-978E-439B-95F6-3CD6B5C2B9C0}.Debug|Any CPU.Build.0 = Debug|Any CPU
		{69E99C9C-978E-439B-95F6-3CD6B5C2B9C0}.Release|Any CPU.ActiveCfg = Release|Any CPU
		{69E99C9C-978E-439B-95F6-3CD6B5C2B9C0}.Release|Any CPU.Build.0 = Release|Any CPU
		{B6CFE60E-A873-4E67-860E-D7E2383DD0FB}.Debug|Any CPU.ActiveCfg = Debug|Any CPU
		{B6CFE60E-A873-4E67-860E-D7E2383DD0FB}.Debug|Any CPU.Build.0 = Debug|Any CPU
		{B6CFE60E-A873-4E67-860E-D7E2383DD0FB}.Release|Any CPU.ActiveCfg = Release|Any CPU
		{B6CFE60E-A873-4E67-860E-D7E2383DD0FB}.Release|Any CPU.Build.0 = Release|Any CPU
		{2FE8CB3E-46CB-4CDC-A014-F2D69EFAB9EE}.Debug|Any CPU.ActiveCfg = Debug|Any CPU
		{2FE8CB3E-46CB-4CDC-A014-F2D69EFAB9EE}.Debug|Any CPU.Build.0 = Debug|Any CPU
		{2FE8CB3E-46CB-4CDC-A014-F2D69EFAB9EE}.Release|Any CPU.ActiveCfg = Release|Any CPU
		{2FE8CB3E-46CB-4CDC-A014-F2D69EFAB9EE}.Release|Any CPU.Build.0 = Release|Any CPU
		{6B369EC0-DFED-4D9A-902C-8BEAA8DA8846}.Debug|Any CPU.ActiveCfg = Debug|Any CPU
		{6B369EC0-DFED-4D9A-902C-8BEAA8DA8846}.Debug|Any CPU.Build.0 = Debug|Any CPU
		{6B369EC0-DFED-4D9A-902C-8BEAA8DA8846}.Release|Any CPU.ActiveCfg = Release|Any CPU
		{6B369EC0-DFED-4D9A-902C-8BEAA8DA8846}.Release|Any CPU.Build.0 = Release|Any CPU
	EndGlobalSection
	GlobalSection(SolutionProperties) = preSolution
		HideSolutionNode = FALSE
	EndGlobalSection
	GlobalSection(ExtensibilityGlobals) = postSolution
		SolutionGuid = {2C4CCBDA-76C4-4BB0-A62A-C4ED1852E5F7}
	EndGlobalSection
EndGlobal
